
Microsoft Visual Studio Solution File, Format Version 12.00
# Visual Studio Version 17
VisualStudioVersion = 17.12.35506.116 d17.12
MinimumVisualStudioVersion = 10.0.40219.1
Project("{FAE04EC0-301F-11D3-BF4B-00C04F79EFBC}") = "Book Management System", "Book Management System\Book Management System.csproj", "{B67AD488-5A39-492B-BBA1-501E97E10C96}"
EndProject
Global
	GlobalSection(SolutionConfigurationPlatforms) = preSolution
		Debug|Any CPU = Debug|Any CPU
		Release|Any CPU = Release|Any CPU
	EndGlobalSection
	GlobalSection(ProjectConfigurationPlatforms) = postSolution
		{B67AD488-5A39-492B-BBA1-501E97E10C96}.Debug|Any CPU.ActiveCfg = Debug|Any CPU
		{B67AD488-5A39-492B-BBA1-501E97E10C96}.Debug|Any CPU.Build.0 = Debug|Any CPU
		{B67AD488-5A39-492B-BBA1-501E97E10C96}.Release|Any CPU.ActiveCfg = Release|Any CPU
		{B67AD488-5A39-492B-BBA1-501E97E10C96}.Release|Any CPU.Build.0 = Release|Any CPU
	EndGlobalSection
	GlobalSection(SolutionProperties) = preSolution
		HideSolutionNode = FALSE
	EndGlobalSection
EndGlobal
